
Microsoft Visual Studio Solution File, Format Version 12.00
# Visual Studio Version 16
VisualStudioVersion = 16.0.32002.261
MinimumVisualStudioVersion = 10.0.40219.1
Project("{9A19103F-16F7-4668-BE54-9A1E7A4F7556}") = "OsoriLog", "OsoriLog.csproj", "{D914F8E9-3DB2-47AC-AE6E-93BE7B28264A}"
EndProject
Project("{2150E333-8FDC-42A3-9474-1A3956D46DE8}") = "UnitTesting", "UnitTesting", "{F5EA36E5-961C-49CF-A6EE-9C953C75AEF9}"
EndProject
Project("{2150E333-8FDC-42A3-9474-1A3956D46DE8}") = "O4LogApp", "O4LogApp", "{8B92B2EF-3A13-4481-BA54-A1A4E2940048}"
EndProject
Project("{2150E333-8FDC-42A3-9474-1A3956D46DE8}") = "O4Log", "O4Log", "{90037949-7D3D-4B82-8679-FCB951B7CFF0}"
EndProject
Global
	GlobalSection(SolutionConfigurationPlatforms) = preSolution
		Debug|Any CPU = Debug|Any CPU
		Release|Any CPU = Release|Any CPU
	EndGlobalSection
	GlobalSection(ProjectConfigurationPlatforms) = postSolution
		{D914F8E9-3DB2-47AC-AE6E-93BE7B28264A}.Debug|Any CPU.ActiveCfg = Debug|Any CPU
		{D914F8E9-3DB2-47AC-AE6E-93BE7B28264A}.Debug|Any CPU.Build.0 = Debug|Any CPU
		{D914F8E9-3DB2-47AC-AE6E-93BE7B28264A}.Release|Any CPU.ActiveCfg = Release|Any CPU
		{D914F8E9-3DB2-47AC-AE6E-93BE7B28264A}.Release|Any CPU.Build.0 = Release|Any CPU
	EndGlobalSection
	GlobalSection(SolutionProperties) = preSolution
		HideSolutionNode = FALSE
	EndGlobalSection
	GlobalSection(NestedProjects) = preSolution
		{D914F8E9-3DB2-47AC-AE6E-93BE7B28264A} = {90037949-7D3D-4B82-8679-FCB951B7CFF0}
	EndGlobalSection
	GlobalSection(ExtensibilityGlobals) = postSolution
		SolutionGuid = {B0C36E31-269F-4C6F-9C53-FC1431B89196}
	EndGlobalSection
EndGlobal
